
Microsoft Visual Studio Solution File, Format Version 12.00
# Visual Studio Version 17
VisualStudioVersion = 17.2.32630.192
MinimumVisualStudioVersion = 10.0.40219.1
Project("{FAE04EC0-301F-11D3-BF4B-00C04F79EFBC}") = "Tema 2", "Tema 2.csproj", "{14AA1CAD-0F36-4D8C-8857-2FE1FCA6DC09}"
EndProject
Global
	GlobalSection(SolutionConfigurationPlatforms) = preSolution
		Debug|Any CPU = Debug|Any CPU
		Release|Any CPU = Release|Any CPU
	EndGlobalSection
	GlobalSection(ProjectConfigurationPlatforms) = postSolution
		{14AA1CAD-0F36-4D8C-8857-2FE1FCA6DC09}.Debug|Any CPU.ActiveCfg = Debug|Any CPU
		{14AA1CAD-0F36-4D8C-8857-2FE1FCA6DC09}.Debug|Any CPU.Build.0 = Debug|Any CPU
		{14AA1CAD-0F36-4D8C-8857-2FE1FCA6DC09}.Release|Any CPU.ActiveCfg = Release|Any CPU
		{14AA1CAD-0F36-4D8C-8857-2FE1FCA6DC09}.Release|Any CPU.Build.0 = Release|Any CPU
	EndGlobalSection
	GlobalSection(SolutionProperties) = preSolution
		HideSolutionNode = FALSE
	EndGlobalSection
	GlobalSection(ExtensibilityGlobals) = postSolution
		SolutionGuid = {EDB401E5-4DC7-4740-8DE5-CA6459C3DF20}
	EndGlobalSection
EndGlobal
